<?xml version="1.0" encoding="utf-8"?>
<Project ToolsVersion="4.0" xmlns="http://schemas.microsoft.com/developer/msbuild/2003">
  <ItemGroup>
    <Filter Include="Source Files">
      <UniqueIdentifier>{4FC737F1-C7A5-4376-A066-2A32D752A2FF}</UniqueIdentifier>
      <Extensions>cpp;c;cc;cxx;def;odl;idl;hpj;bat;asm;asmx</Extensions>
    </Filter>
    <Filter Include="Header Files">
      <UniqueIdentifier>{93995380-89BD-4b04-88EB-625FBE52EBFB}</UniqueIdentifier>
      <Extensions>h;hh;hpp;hxx;hm;inl;inc;ipp;xsd</Extensions>
    </Filter>
    <Filter Include="Resource Files">
      <UniqueIdentifier>{67DA6AB6-F800-4c08-8B7A-83BB121AAD01}</UniqueIdentifier>
      <Extensions>rc;ico;cur;bmp;dlg;rc2;rct;bin;rgs;gif;jpg;jpeg;jpe;resx;tiff;tif;png;wav;mfcribbon-ms</Extensions>
    </Filter>
    <Filter Include="Header Files\Scene">
      <UniqueIdentifier>{8077b492-15b2-4324-8eea-6b6ced78132a}</UniqueIdentifier>
    </Filter>
    <Filter Include="Header Files\Entities">
      <UniqueIdentifier>{8b431f96-7768-4eb1-812b-a85f8fab3230}</UniqueIdentifier>
    </Filter>
    <Filter Include="Header Files\Game">
      <UniqueIdentifier>{c385d6f6-2d66-4708-b706-44d1937e967e}</UniqueIdentifier>
    </Filter>
    <Filter Include="Source Files\Entities">
      <UniqueIdentifier>{c243b31d-5898-4714-979d-4f807e9dea9b}</UniqueIdentifier>
    </Filter>
    <Filter Include="Source Files\Game">
      <UniqueIdentifier>{ddc3250b-2dc2-4de0-bd0e-002cb1d5de05}</UniqueIdentifier>
    </Filter>
    <Filter Include="Source Files\Scene">
      <UniqueIdentifier>{64f491fc-23f4-4c45-a3a9-70c610262b46}</UniqueIdentifier>
    </Filter>
    <Filter Include="Header Files\Physics">
      <UniqueIdentifier>{e22fa26c-d1c8-4686-a80e-24b4aaaf465d}</UniqueIdentifier>
    </Filter>
    <Filter Include="Source Files\Physics">
      <UniqueIdentifier>{0b9b6ebf-e581-44f4-a82d-ad1ace9ae280}</UniqueIdentifier>
    </Filter>
    <Filter Include="Header Files\Elements">
      <UniqueIdentifier>{0bed1b95-e8ed-4bf5-8b63-e40469aabc74}</UniqueIdentifier>
    </Filter>
    <Filter Include="Source Files\Elements">
      <UniqueIdentifier>{2ea59699-29e2-416c-ae5e-0b9ce092ebec}</UniqueIdentifier>
    </Filter>
    <Filter Include="Header Files\ZPACE-GAME">
      <UniqueIdentifier>{1468a500-bab1-48ea-8723-bb7fa5fec9e3}</UniqueIdentifier>
    </Filter>
    <Filter Include="Source Files\ZPACE-GAME">
      <UniqueIdentifier>{ff048097-17a4-4b50-bf21-8ef504ec8f8f}</UniqueIdentifier>
    </Filter>
    <Filter Include="Header Files\ZPACE-GAME\Elements">
      <UniqueIdentifier>{8547f19a-43fc-4513-b7c3-fec293a3dd42}</UniqueIdentifier>
    </Filter>
    <Filter Include="Header Files\ZPACE-GAME\Level">
      <UniqueIdentifier>{6beaf355-a4d2-43eb-88c4-62217c94eb84}</UniqueIdentifier>
    </Filter>
    <Filter Include="Source Files\ZPACE-GAME\Elements">
      <UniqueIdentifier>{91af3ced-01f4-4df9-90bc-fddcc2676171}</UniqueIdentifier>
    </Filter>
    <Filter Include="Source Files\ZPACE-GAME\Level">
      <UniqueIdentifier>{8307f4c0-d3c3-4c91-aa18-eb6e7210efb8}</UniqueIdentifier>
    </Filter>
  </ItemGroup>
  <ItemGroup>
    <ClCompile Include="Font.cpp">
      <Filter>Source Files\Scene</Filter>
    </ClCompile>
    <ClCompile Include="GameWindow.cpp">
      <Filter>Source Files\Scene</Filter>
    </ClCompile>
    <ClCompile Include="Map.cpp">
      <Filter>Source Files\Game</Filter>
    </ClCompile>
    <ClCompile Include="EntityManager.cpp">
      <Filter>Source Files\Entities</Filter>
    </ClCompile>
    <ClCompile Include="Game.cpp">
      <Filter>Source Files\Game</Filter>
    </ClCompile>
    <ClCompile Include="Element.cpp">
      <Filter>Source Files\Elements</Filter>
    </ClCompile>
    <ClCompile Include="Sprite.cpp">
      <Filter>Source Files\Entities</Filter>
    </ClCompile>
    <ClCompile Include="PlayableEntity.cpp">
      <Filter>Source Files\Entities</Filter>
    </ClCompile>
    <ClCompile Include="Texture.cpp">
      <Filter>Source Files\Scene</Filter>
    </ClCompile>
    <ClCompile Include="Vector.cpp">
      <Filter>Source Files\Physics</Filter>
    </ClCompile>
    <ClCompile Include="PhysicsHandler.cpp">
      <Filter>Source Files\Physics</Filter>
    </ClCompile>
    <ClCompile Include="Background.cpp">
      <Filter>Source Files\Game</Filter>
    </ClCompile>
    <ClCompile Include="Layer.cpp">
      <Filter>Source Files\Elements</Filter>
    </ClCompile>
    <ClCompile Include="Main.cpp">
      <Filter>Source Files\ZPACE-GAME</Filter>
    </ClCompile>
    <ClCompile Include="EnemyEntity.cpp">
      <Filter>Source Files\Entities</Filter>
    </ClCompile>
    <ClCompile Include="Enemy.cpp">
      <Filter>Source Files\ZPACE-GAME\Elements</Filter>
    </ClCompile>
    <ClCompile Include="Player.cpp">
      <Filter>Source Files\ZPACE-GAME\Elements</Filter>
    </ClCompile>
    <ClCompile Include="Asteroid.cpp">
      <Filter>Source Files\ZPACE-GAME\Elements</Filter>
    </ClCompile>
    <ClCompile Include="SALayer.cpp">
      <Filter>Source Files\ZPACE-GAME\Level</Filter>
    </ClCompile>
    <ClCompile Include="EnemyLayer.cpp">
      <Filter>Source Files\ZPACE-GAME\Level</Filter>
    </ClCompile>
  </ItemGroup>
  <ItemGroup>
    <ClInclude Include="GameWindow.h">
      <Filter>Header Files\Scene</Filter>
    </ClInclude>
    <ClInclude Include="EntityManager.h">
      <Filter>Header Files\Entities</Filter>
    </ClInclude>
    <ClInclude Include="Font.h">
      <Filter>Header Files\Scene</Filter>
    </ClInclude>
    <ClInclude Include="Map.h">
      <Filter>Header Files\Game</Filter>
    </ClInclude>
    <ClInclude Include="Game.h">
      <Filter>Header Files\Game</Filter>
    </ClInclude>
    <ClInclude Include="Element.h">
      <Filter>Header Files\Elements</Filter>
    </ClInclude>
    <ClInclude Include="Sprite.h">
      <Filter>Header Files\Entities</Filter>
    </ClInclude>
    <ClInclude Include="PlayableEntity.h">
      <Filter>Header Files\Entities</Filter>
    </ClInclude>
    <ClInclude Include="Texture.h">
      <Filter>Header Files\Scene</Filter>
    </ClInclude>
    <ClInclude Include="Vector.h">
      <Filter>Header Files\Physics</Filter>
    </ClInclude>
    <ClInclude Include="Background.h">
      <Filter>Header Files\Game</Filter>
    </ClInclude>
    <ClInclude Include="PhysicsHandler.h">
      <Filter>Header Files\Physics</Filter>
    </ClInclude>
    <ClInclude Include="Layer.h">
      <Filter>Header Files\Elements</Filter>
    </ClInclude>
    <ClInclude Include="EnemyEntity.h">
      <Filter>Header Files\Entities</Filter>
    </ClInclude>
    <ClInclude Include="Asteroid.h">
      <Filter>Header Files\ZPACE-GAME\Elements</Filter>
    </ClInclude>
    <ClInclude Include="Enemy.h">
      <Filter>Header Files\ZPACE-GAME\Elements</Filter>
    </ClInclude>
    <ClInclude Include="Player.h">
      <Filter>Header Files\ZPACE-GAME\Elements</Filter>
    </ClInclude>
    <ClInclude Include="SALayer.h">
      <Filter>Header Files\ZPACE-GAME\Level</Filter>
    </ClInclude>
    <ClInclude Include="EnemyLayer.h">
      <Filter>Header Files\ZPACE-GAME\Level</Filter>
    </ClInclude>
  </ItemGroup>
</Project>